
Microsoft Visual Studio Solution File, Format Version 12.00
# Visual Studio Version 17
VisualStudioVersion = 17.5.33424.131
MinimumVisualStudioVersion = 10.0.40219.1
Project("{FAE04EC0-301F-11D3-BF4B-00C04F79EFBC}") = "SenaHotelBookings.Domain", "SenaHotelBookings.Domain\SenaHotelBookings.Domain.csproj", "{5B98B0D8-EE43-42BD-B633-8029AF24FD33}"
EndProject
Project("{FAE04EC0-301F-11D3-BF4B-00C04F79EFBC}") = "SenaHotelBookings.Dal", "SenaHotelBookings.Dal\SenaHotelBookings.Dal.csproj", "{4D384B18-A610-4A0C-A005-D3AA303BA09A}"
EndProject
Project("{FAE04EC0-301F-11D3-BF4B-00C04F79EFBC}") = "SenaHotelBookings.Services", "SenaHotelBookings.Services\SenaHotelBookings.Services.csproj", "{4B8CD149-77AE-40B3-8CA6-3605F27E0D79}"
EndProject
Project("{FAE04EC0-301F-11D3-BF4B-00C04F79EFBC}") = "SenaHotelBookings.Api", "SenaHotelBookings.Api\SenaHotelBookings.Api.csproj", "{4412C333-B866-4F87-8086-9C484BAB6FB1}"
EndProject
Global
	GlobalSection(SolutionConfigurationPlatforms) = preSolution
		Debug|Any CPU = Debug|Any CPU
		Release|Any CPU = Release|Any CPU
	EndGlobalSection
	GlobalSection(ProjectConfigurationPlatforms) = postSolution
		{5B98B0D8-EE43-42BD-B633-8029AF24FD33}.Debug|Any CPU.ActiveCfg = Debug|Any CPU
		{5B98B0D8-EE43-42BD-B633-8029AF24FD33}.Debug|Any CPU.Build.0 = Debug|Any CPU
		{5B98B0D8-EE43-42BD-B633-8029AF24FD33}.Release|Any CPU.ActiveCfg = Release|Any CPU
		{5B98B0D8-EE43-42BD-B633-8029AF24FD33}.Release|Any CPU.Build.0 = Release|Any CPU
		{4D384B18-A610-4A0C-A005-D3AA303BA09A}.Debug|Any CPU.ActiveCfg = Debug|Any CPU
		{4D384B18-A610-4A0C-A005-D3AA303BA09A}.Debug|Any CPU.Build.0 = Debug|Any CPU
		{4D384B18-A610-4A0C-A005-D3AA303BA09A}.Release|Any CPU.ActiveCfg = Release|Any CPU
		{4D384B18-A610-4A0C-A005-D3AA303BA09A}.Release|Any CPU.Build.0 = Release|Any CPU
		{4B8CD149-77AE-40B3-8CA6-3605F27E0D79}.Debug|Any CPU.ActiveCfg = Debug|Any CPU
		{4B8CD149-77AE-40B3-8CA6-3605F27E0D79}.Debug|Any CPU.Build.0 = Debug|Any CPU
		{4B8CD149-77AE-40B3-8CA6-3605F27E0D79}.Release|Any CPU.ActiveCfg = Release|Any CPU
		{4B8CD149-77AE-40B3-8CA6-3605F27E0D79}.Release|Any CPU.Build.0 = Release|Any CPU
		{4412C333-B866-4F87-8086-9C484BAB6FB1}.Debug|Any CPU.ActiveCfg = Debug|Any CPU
		{4412C333-B866-4F87-8086-9C484BAB6FB1}.Debug|Any CPU.Build.0 = Debug|Any CPU
		{4412C333-B866-4F87-8086-9C484BAB6FB1}.Release|Any CPU.ActiveCfg = Release|Any CPU
		{4412C333-B866-4F87-8086-9C484BAB6FB1}.Release|Any CPU.Build.0 = Release|Any CPU
	EndGlobalSection
	GlobalSection(SolutionProperties) = preSolution
		HideSolutionNode = FALSE
	EndGlobalSection
	GlobalSection(ExtensibilityGlobals) = postSolution
		SolutionGuid = {4FE923A4-FD49-4E25-ACBA-0014C5B6D7C9}
	EndGlobalSection
EndGlobal
